
Microsoft Visual Studio Solution File, Format Version 12.00
# Visual Studio Version 16
VisualStudioVersion = 16.0.31105.61
MinimumVisualStudioVersion = 10.0.40219.1
Project("{FAE04EC0-301F-11D3-BF4B-00C04F79EFBC}") = "Vistas", "Vistas\Vistas.csproj", "{2FD513B9-FF6F-464F-9A9E-D9E54C51C329}"
EndProject
Project("{FAE04EC0-301F-11D3-BF4B-00C04F79EFBC}") = "Dao", "Dao\Dao.csproj", "{BB72573C-6962-46D0-AE04-6ECF7FDB4985}"
EndProject
Project("{FAE04EC0-301F-11D3-BF4B-00C04F79EFBC}") = "Negocio", "Negocio\Negocio.csproj", "{A14D6953-4164-4CB4-A40F-F97C2928FB3E}"
EndProject
Project("{FAE04EC0-301F-11D3-BF4B-00C04F79EFBC}") = "Entidades", "Entidades\Entidades.csproj", "{408E36DA-CA08-41E1-86D8-6237311A1476}"
EndProject
Global
	GlobalSection(SolutionConfigurationPlatforms) = preSolution
		Debug|Any CPU = Debug|Any CPU
		Release|Any CPU = Release|Any CPU
	EndGlobalSection
	GlobalSection(ProjectConfigurationPlatforms) = postSolution
		{2FD513B9-FF6F-464F-9A9E-D9E54C51C329}.Debug|Any CPU.ActiveCfg = Debug|Any CPU
		{2FD513B9-FF6F-464F-9A9E-D9E54C51C329}.Debug|Any CPU.Build.0 = Debug|Any CPU
		{2FD513B9-FF6F-464F-9A9E-D9E54C51C329}.Release|Any CPU.ActiveCfg = Release|Any CPU
		{2FD513B9-FF6F-464F-9A9E-D9E54C51C329}.Release|Any CPU.Build.0 = Release|Any CPU
		{BB72573C-6962-46D0-AE04-6ECF7FDB4985}.Debug|Any CPU.ActiveCfg = Debug|Any CPU
		{BB72573C-6962-46D0-AE04-6ECF7FDB4985}.Debug|Any CPU.Build.0 = Debug|Any CPU
		{BB72573C-6962-46D0-AE04-6ECF7FDB4985}.Release|Any CPU.ActiveCfg = Release|Any CPU
		{BB72573C-6962-46D0-AE04-6ECF7FDB4985}.Release|Any CPU.Build.0 = Release|Any CPU
		{A14D6953-4164-4CB4-A40F-F97C2928FB3E}.Debug|Any CPU.ActiveCfg = Debug|Any CPU
		{A14D6953-4164-4CB4-A40F-F97C2928FB3E}.Debug|Any CPU.Build.0 = Debug|Any CPU
		{A14D6953-4164-4CB4-A40F-F97C2928FB3E}.Release|Any CPU.ActiveCfg = Release|Any CPU
		{A14D6953-4164-4CB4-A40F-F97C2928FB3E}.Release|Any CPU.Build.0 = Release|Any CPU
		{408E36DA-CA08-41E1-86D8-6237311A1476}.Debug|Any CPU.ActiveCfg = Debug|Any CPU
		{408E36DA-CA08-41E1-86D8-6237311A1476}.Debug|Any CPU.Build.0 = Debug|Any CPU
		{408E36DA-CA08-41E1-86D8-6237311A1476}.Release|Any CPU.ActiveCfg = Release|Any CPU
		{408E36DA-CA08-41E1-86D8-6237311A1476}.Release|Any CPU.Build.0 = Release|Any CPU
	EndGlobalSection
	GlobalSection(SolutionProperties) = preSolution
		HideSolutionNode = FALSE
	EndGlobalSection
	GlobalSection(ExtensibilityGlobals) = postSolution
		SolutionGuid = {897F1BFE-619E-48C3-AF3C-6673ECB34BF2}
	EndGlobalSection
EndGlobal
